
Microsoft Visual Studio Solution File, Format Version 12.00
# Visual Studio Version 17
VisualStudioVersion = 17.8.34316.72
MinimumVisualStudioVersion = 10.0.40219.1
Project("{FAE04EC0-301F-11D3-BF4B-00C04F79EFBC}") = "Task Management System", "Task Management System\Task Management System.csproj", "{37727750-5155-46A1-ACC6-C9EEADCF0ADC}"
EndProject
Global
	GlobalSection(SolutionConfigurationPlatforms) = preSolution
		Debug|Any CPU = Debug|Any CPU
		Release|Any CPU = Release|Any CPU
	EndGlobalSection
	GlobalSection(ProjectConfigurationPlatforms) = postSolution
		{37727750-5155-46A1-ACC6-C9EEADCF0ADC}.Debug|Any CPU.ActiveCfg = Debug|Any CPU
		{37727750-5155-46A1-ACC6-C9EEADCF0ADC}.Debug|Any CPU.Build.0 = Debug|Any CPU
		{37727750-5155-46A1-ACC6-C9EEADCF0ADC}.Release|Any CPU.ActiveCfg = Release|Any CPU
		{37727750-5155-46A1-ACC6-C9EEADCF0ADC}.Release|Any CPU.Build.0 = Release|Any CPU
	EndGlobalSection
	GlobalSection(SolutionProperties) = preSolution
		HideSolutionNode = FALSE
	EndGlobalSection
	GlobalSection(ExtensibilityGlobals) = postSolution
		SolutionGuid = {5CD12839-FB92-4569-BCC7-FCC6035F485B}
	EndGlobalSection
EndGlobal
